
Microsoft Visual Studio Solution File, Format Version 12.00
# Visual Studio Version 17
VisualStudioVersion = 17.5.33516.290
MinimumVisualStudioVersion = 10.0.40219.1
Project("{FAE04EC0-301F-11D3-BF4B-00C04F79EFBC}") = "MvcMovie", "MvcMovie.csproj", "{B89E444D-39D3-48C7-9087-7EF49B69D611}"
EndProject
Global
	GlobalSection(SolutionConfigurationPlatforms) = preSolution
		Debug|Any CPU = Debug|Any CPU
		Release|Any CPU = Release|Any CPU
	EndGlobalSection
	GlobalSection(ProjectConfigurationPlatforms) = postSolution
		{B89E444D-39D3-48C7-9087-7EF49B69D611}.Debug|Any CPU.ActiveCfg = Debug|Any CPU
		{B89E444D-39D3-48C7-9087-7EF49B69D611}.Debug|Any CPU.Build.0 = Debug|Any CPU
		{B89E444D-39D3-48C7-9087-7EF49B69D611}.Release|Any CPU.ActiveCfg = Release|Any CPU
		{B89E444D-39D3-48C7-9087-7EF49B69D611}.Release|Any CPU.Build.0 = Release|Any CPU
	EndGlobalSection
	GlobalSection(SolutionProperties) = preSolution
		HideSolutionNode = FALSE
	EndGlobalSection
	GlobalSection(ExtensibilityGlobals) = postSolution
		SolutionGuid = {ECD60DF6-F555-4D33-A4E7-029C0241672A}
	EndGlobalSection
EndGlobal
